
Microsoft Visual Studio Solution File, Format Version 12.00
# Visual Studio Version 17
VisualStudioVersion = 17.7.34009.444
MinimumVisualStudioVersion = 10.0.40219.1
Project("{FAE04EC0-301F-11D3-BF4B-00C04F79EFBC}") = "First ML.Net Project", "First ML.Net Project\First ML.Net Project.csproj", "{ADF897EA-E193-4431-96C7-9B976C160666}"
EndProject
Global
	GlobalSection(SolutionConfigurationPlatforms) = preSolution
		Debug|Any CPU = Debug|Any CPU
		Release|Any CPU = Release|Any CPU
	EndGlobalSection
	GlobalSection(ProjectConfigurationPlatforms) = postSolution
		{ADF897EA-E193-4431-96C7-9B976C160666}.Debug|Any CPU.ActiveCfg = Debug|Any CPU
		{ADF897EA-E193-4431-96C7-9B976C160666}.Debug|Any CPU.Build.0 = Debug|Any CPU
		{ADF897EA-E193-4431-96C7-9B976C160666}.Release|Any CPU.ActiveCfg = Release|Any CPU
		{ADF897EA-E193-4431-96C7-9B976C160666}.Release|Any CPU.Build.0 = Release|Any CPU
	EndGlobalSection
	GlobalSection(SolutionProperties) = preSolution
		HideSolutionNode = FALSE
	EndGlobalSection
	GlobalSection(ExtensibilityGlobals) = postSolution
		SolutionGuid = {02791E33-950C-406A-80AD-38E6D09B0B14}
	EndGlobalSection
EndGlobal
